Microsoft Visual Studio Solution File, Format Version 12.00
# Visual Studio Version 17
VisualStudioVersion = 17.5.2.0
MinimumVisualStudioVersion = 10.0.40219.1
Project("{2150E333-8FDC-42A3-9474-1A3956D46DE8}") = "otel-demo", "otel-demo", "{74309F3F-2CFA-1727-2B2A-9FEE19E5FB95}"
EndProject
Project("{FAE04EC0-301F-11D3-BF4B-00C04F79EFBC}") = "OtelDemo.Api1", "otel-demo\api1\OtelDemo.Api1.csproj", "{B439EF13-4666-32C4-B28E-CC41E2591D70}"
EndProject
Project("{FAE04EC0-301F-11D3-BF4B-00C04F79EFBC}") = "OtelDemo.Api2", "otel-demo\api2\OtelDemo.Api2.csproj", "{0C128D52-93C5-AA8D-7247-CDBC0172A90D}"
EndProject
Project("{FAE04EC0-301F-11D3-BF4B-00C04F79EFBC}") = "OtelDemo.Worker", "otel-demo\worker\OtelDemo.Worker.csproj", "{9FB58241-4E40-B9C8-B263-55B19900AE66}"
EndProject
Project("{FAE04EC0-301F-11D3-BF4B-00C04F79EFBC}") = "Messaging", "otel-demo\messaging\Messaging.csproj", "{925CBDBF-B0AF-E3C4-FDB1-097612F327CE}"
EndProject
Global
	GlobalSection(SolutionConfigurationPlatforms) = preSolution
		Debug|Any CPU = Debug|Any CPU
		Release|Any CPU = Release|Any CPU
	EndGlobalSection
	GlobalSection(ProjectConfigurationPlatforms) = postSolution
		{B439EF13-4666-32C4-B28E-CC41E2591D70}.Debug|Any CPU.ActiveCfg = Debug|Any CPU
		{B439EF13-4666-32C4-B28E-CC41E2591D70}.Debug|Any CPU.Build.0 = Debug|Any CPU
		{B439EF13-4666-32C4-B28E-CC41E2591D70}.Release|Any CPU.ActiveCfg = Release|Any CPU
		{B439EF13-4666-32C4-B28E-CC41E2591D70}.Release|Any CPU.Build.0 = Release|Any CPU
		{0C128D52-93C5-AA8D-7247-CDBC0172A90D}.Debug|Any CPU.ActiveCfg = Debug|Any CPU
		{0C128D52-93C5-AA8D-7247-CDBC0172A90D}.Debug|Any CPU.Build.0 = Debug|Any CPU
		{0C128D52-93C5-AA8D-7247-CDBC0172A90D}.Release|Any CPU.ActiveCfg = Release|Any CPU
		{0C128D52-93C5-AA8D-7247-CDBC0172A90D}.Release|Any CPU.Build.0 = Release|Any CPU
		{9FB58241-4E40-B9C8-B263-55B19900AE66}.Debug|Any CPU.ActiveCfg = Debug|Any CPU
		{9FB58241-4E40-B9C8-B263-55B19900AE66}.Debug|Any CPU.Build.0 = Debug|Any CPU
		{9FB58241-4E40-B9C8-B263-55B19900AE66}.Release|Any CPU.ActiveCfg = Release|Any CPU
		{9FB58241-4E40-B9C8-B263-55B19900AE66}.Release|Any CPU.Build.0 = Release|Any CPU
		{925CBDBF-B0AF-E3C4-FDB1-097612F327CE}.Debug|Any CPU.ActiveCfg = Debug|Any CPU
		{925CBDBF-B0AF-E3C4-FDB1-097612F327CE}.Debug|Any CPU.Build.0 = Debug|Any CPU
		{925CBDBF-B0AF-E3C4-FDB1-097612F327CE}.Release|Any CPU.ActiveCfg = Release|Any CPU
		{925CBDBF-B0AF-E3C4-FDB1-097612F327CE}.Release|Any CPU.Build.0 = Release|Any CPU
	EndGlobalSection
	GlobalSection(SolutionProperties) = preSolution
		HideSolutionNode = FALSE
	EndGlobalSection
	GlobalSection(NestedProjects) = preSolution
		{B439EF13-4666-32C4-B28E-CC41E2591D70} = {74309F3F-2CFA-1727-2B2A-9FEE19E5FB95}
		{0C128D52-93C5-AA8D-7247-CDBC0172A90D} = {74309F3F-2CFA-1727-2B2A-9FEE19E5FB95}
		{9FB58241-4E40-B9C8-B263-55B19900AE66} = {74309F3F-2CFA-1727-2B2A-9FEE19E5FB95}
		{925CBDBF-B0AF-E3C4-FDB1-097612F327CE} = {74309F3F-2CFA-1727-2B2A-9FEE19E5FB95}
	EndGlobalSection
	GlobalSection(ExtensibilityGlobals) = postSolution
		SolutionGuid = {77B73E59-A6DD-4577-9ACB-EF05765A9CD6}
	EndGlobalSection
EndGlobal
